
Microsoft Visual Studio Solution File, Format Version 12.00
# Visual Studio 14
VisualStudioVersion = 14.0.24720.0
MinimumVisualStudioVersion = 10.0.40219.1
Project("{FAE04EC0-301F-11D3-BF4B-00C04F79EFBC}") = "BookManage", "BookManage\BookManage.csproj", "{5076BC5A-72E1-49BC-829B-67A4016FE088}"
EndProject
Global
	GlobalSection(SolutionConfigurationPlatforms) = preSolution
		Debug|Any CPU = Debug|Any CPU
		Release|Any CPU = Release|Any CPU
	EndGlobalSection
	GlobalSection(ProjectConfigurationPlatforms) = postSolution
		{5076BC5A-72E1-49BC-829B-67A4016FE088}.Debug|Any CPU.ActiveCfg = Debug|Any CPU
		{5076BC5A-72E1-49BC-829B-67A4016FE088}.Debug|Any CPU.Build.0 = Debug|Any CPU
		{5076BC5A-72E1-49BC-829B-67A4016FE088}.Release|Any CPU.ActiveCfg = Release|Any CPU
		{5076BC5A-72E1-49BC-829B-67A4016FE088}.Release|Any CPU.Build.0 = Release|Any CPU
	EndGlobalSection
	GlobalSection(SolutionProperties) = preSolution
		HideSolutionNode = FALSE
	EndGlobalSection
EndGlobal
